// !$*UTF8*$!
{
	archiveVersion = 1;
	classes = {
	};
	objectVersion = 46;
	objects = {

/* Begin PBXBuildFile section */
		1336B2771A17ABAB00060E73 /* QuartzCore.framework in Frameworks */ = {isa = PBXBuildFile; fileRef = 1336B2761A17ABAB00060E73 /* QuartzCore.framework */; };
		1341C6F61A1D10CA00F7CD98 /* GravityViewController.swift in Sources */ = {isa = PBXBuildFile; fileRef = 1341C6F51A1D10CA00F7CD98 /* GravityViewController.swift */; };
		1377B6421A1A647C0054C6BD /* DynamicsCatalog.swift in Sources */ = {isa = PBXBuildFile; fileRef = 1377B6411A1A647C0054C6BD /* DynamicsCatalog.swift */; };
		13FAA46D1A17A34F002FDDA8 /* AppDelegate.swift in Sources */ = {isa = PBXBuildFile; fileRef = 13FAA46C1A17A34F002FDDA8 /* AppDelegate.swift */; };
		13FAA46F1A17A34F002FDDA8 /* GravityCollisionViewController.swift in Sources */ = {isa = PBXBuildFile; fileRef = 13FAA46E1A17A34F002FDDA8 /* GravityCollisionViewController.swift */; };
		13FAA4721A17A34F002FDDA8 /* Main.storyboard in Resources */ = {isa = PBXBuildFile; fileRef = 13FAA4701A17A34F002FDDA8 /* Main.storyboard */; };
		13FAA4741A17A34F002FDDA8 /* Images.xcassets in Resources */ = {isa = PBXBuildFile; fileRef = 13FAA4731A17A34F002FDDA8 /* Images.xcassets */; };
		13FAA4771A17A34F002FDDA8 /* LaunchScreen.xib in Resources */ = {isa = PBXBuildFile; fileRef = 13FAA4751A17A34F002FDDA8 /* LaunchScreen.xib */; };
		13FAA4831A17A34F002FDDA8 /* UIKitDynamicsSwiftTests.swift in Sources */ = {isa = PBXBuildFile; fileRef = 13FAA4821A17A34F002FDDA8 /* UIKitDynamicsSwiftTests.swift */; };
/* End PBXBuildFile section */

/* Begin PBXContainerItemProxy section */
		13FAA47D1A17A34F002FDDA8 /* PBXContainerItemProxy */ = {
			isa = PBXContainerItemProxy;
			containerPortal = 13FAA45F1A17A34F002FDDA8 /* Project object */;
			proxyType = 1;
			remoteGlobalIDString = 13FAA4661A17A34F002FDDA8;
			remoteInfo = UIKitDynamicsSwift;
		};
/* End PBXContainerItemProxy section */

/* Begin PBXFileReference section */
		1336B2761A17ABAB00060E73 /* QuartzCore.framework */ = {isa = PBXFileReference; lastKnownFileType = wrapper.framework; name = QuartzCore.framework; path = System/Library/Frameworks/QuartzCore.framework; sourceTree = SDKROOT; };
		1341C6F51A1D10CA00F7CD98 /* GravityViewController.swift */ = {isa = PBXFileReference; fileEncoding = 4; lastKnownFileType = sourcecode.swift; path = GravityViewController.swift; sourceTree = "<group>"; };
		1377B6411A1A647C0054C6BD /* DynamicsCatalog.swift */ = {isa = PBXFileReference; fileEncoding = 4; lastKnownFileType = sourcecode.swift; path = DynamicsCatalog.swift; sourceTree = "<group>"; };
		13FAA4671A17A34F002FDDA8 /* UIKitDynamicsSwift.app */ = {isa = PBXFileReference; explicitFileType = wrapper.application; includeInIndex = 0; path = UIKitDynamicsSwift.app; sourceTree = BUILT_PRODUCTS_DIR; };
		13FAA46B1A17A34F002FDDA8 /* Info.plist */ = {isa = PBXFileReference; lastKnownFileType = text.plist.xml; path = Info.plist; sourceTree = "<group>"; };
		13FAA46C1A17A34F002FDDA8 /* AppDelegate.swift */ = {isa = PBXFileReference; lastKnownFileType = sourcecode.swift; path = AppDelegate.swift; sourceTree = "<group>"; };
		13FAA46E1A17A34F002FDDA8 /* GravityCollisionViewController.swift */ = {isa = PBXFileReference; lastKnownFileType = sourcecode.swift; path = GravityCollisionViewController.swift; sourceTree = "<group>"; };
		13FAA4711A17A34F002FDDA8 /* Base */ = {isa = PBXFileReference; lastKnownFileType = file.storyboard; name = Base; path = Base.lproj/Main.storyboard; sourceTree = "<group>"; };
		13FAA4731A17A34F002FDDA8 /* Images.xcassets */ = {isa = PBXFileReference; lastKnownFileType = folder.assetcatalog; path = Images.xcassets; sourceTree = "<group>"; };
		13FAA4761A17A34F002FDDA8 /* Base */ = {isa = PBXFileReference; lastKnownFileType = file.xib; name = Base; path = Base.lproj/LaunchScreen.xib; sourceTree = "<group>"; };
		13FAA47C1A17A34F002FDDA8 /* UIKitDynamicsSwiftTests.xctest */ = {isa = PBXFileReference; explicitFileType = wrapper.cfbundle; includeInIndex = 0; path = UIKitDynamicsSwiftTests.xctest; sourceTree = BUILT_PRODUCTS_DIR; };
		13FAA4811A17A34F002FDDA8 /* Info.plist */ = {isa = PBXFileReference; lastKnownFileType = text.plist.xml; path = Info.plist; sourceTree = "<group>"; };
		13FAA4821A17A34F002FDDA8 /* UIKitDynamicsSwiftTests.swift */ = {isa = PBXFileReference; lastKnownFileType = sourcecode.swift; path = UIKitDynamicsSwiftTests.swift; sourceTree = "<group>"; };
/* End PBXFileReference section */

/* Begin PBXFrameworksBuildPhase section */
		13FAA4641A17A34F002FDDA8 /* Frameworks */ = {
			isa = PBXFrameworksBuildPhase;
			buildActionMask = 2147483647;
			files = (
				1336B2771A17ABAB00060E73 /* QuartzCore.framework in Frameworks */,
			);
			runOnlyForDeploymentPostprocessing = 0;
		};
		13FAA4791A17A34F002FDDA8 /* Frameworks */ = {
			isa = PBXFrameworksBuildPhase;
			buildActionMask = 2147483647;
			files = (
			);
			runOnlyForDeploymentPostprocessing = 0;
		};
/* End PBXFrameworksBuildPhase section */

/* Begin PBXGroup section */
		1341C6F71A1D11CD00F7CD98 /* Frameworks */ = {
			isa = PBXGroup;
			children = (
				1336B2761A17ABAB00060E73 /* QuartzCore.framework */,
			);
			name = Frameworks;
			sourceTree = "<group>";
		};
		13FAA45E1A17A34F002FDDA8 = {
			isa = PBXGroup;
			children = (
				13FAA4691A17A34F002FDDA8 /* UIKitDynamicsSwift */,
				13FAA47F1A17A34F002FDDA8 /* UIKitDynamicsSwiftTests */,
				1341C6F71A1D11CD00F7CD98 /* Frameworks */,
				13FAA4681A17A34F002FDDA8 /* Products */,
			);
			sourceTree = "<group>";
		};
		13FAA4681A17A34F002FDDA8 /* Products */ = {
			isa = PBXGroup;
			children = (
				13FAA4671A17A34F002FDDA8 /* UIKitDynamicsSwift.app */,
				13FAA47C1A17A34F002FDDA8 /* UIKitDynamicsSwiftTests.xctest */,
			);
			name = Products;
			sourceTree = "<group>";
		};
		13FAA4691A17A34F002FDDA8 /* UIKitDynamicsSwift */ = {
			isa = PBXGroup;
			children = (
				13FAA46C1A17A34F002FDDA8 /* AppDelegate.swift */,
				1341C6F51A1D10CA00F7CD98 /* GravityViewController.swift */,
				13FAA46E1A17A34F002FDDA8 /* GravityCollisionViewController.swift */,
				1377B6411A1A647C0054C6BD /* DynamicsCatalog.swift */,
				13FAA4731A17A34F002FDDA8 /* Images.xcassets */,
				13FAA4701A17A34F002FDDA8 /* Main.storyboard */,
				13FAA4751A17A34F002FDDA8 /* LaunchScreen.xib */,
				13FAA46A1A17A34F002FDDA8 /* Supporting Files */,
			);
			path = UIKitDynamicsSwift;
			sourceTree = "<group>";
		};
		13FAA46A1A17A34F002FDDA8 /* Supporting Files */ = {
			isa = PBXGroup;
			children = (
				13FAA46B1A17A34F002FDDA8 /* Info.plist */,
			);
			name = "Supporting Files";
			sourceTree = "<group>";
		};
		13FAA47F1A17A34F002FDDA8 /* UIKitDynamicsSwiftTests */ = {
			isa = PBXGroup;
			children = (
				13FAA4821A17A34F002FDDA8 /* UIKitDynamicsSwiftTests.swift */,
				13FAA4801A17A34F002FDDA8 /* Supporting Files */,
			);
			path = UIKitDynamicsSwiftTests;
			sourceTree = "<group>";
		};
		13FAA4801A17A34F002FDDA8 /* Supporting Files */ = {
			isa = PBXGroup;
			children = (
				13FAA4811A17A34F002FDDA8 /* Info.plist */,
			);
			name = "Supporting Files";
			sourceTree = "<group>";
		};
/* End PBXGroup section */

/* Begin PBXNativeTarget section */
		13FAA4661A17A34F002FDDA8 /* UIKitDynamicsSwift */ = {
			isa = PBXNativeTarget;
			buildConfigurationList = 13FAA4861A17A34F002FDDA8 /* Build configuration list for PBXNativeTarget "UIKitDynamicsSwift" */;
			buildPhases = (
				13FAA4631A17A34F002FDDA8 /* Sources */,
				13FAA4641A17A34F002FDDA8 /* Frameworks */,
				13FAA4651A17A34F002FDDA8 /* Resources */,
			);
			buildRules = (
			);
			dependencies = (
			);
			name = UIKitDynamicsSwift;
			productName = UIKitDynamicsSwift;
			productReference = 13FAA4671A17A34F002FDDA8 /* UIKitDynamicsSwift.app */;
			productType = "com.apple.product-type.application";
		};
		13FAA47B1A17A34F002FDDA8 /* UIKitDynamicsSwiftTests */ = {
			isa = PBXNativeTarget;
			buildConfigurationList = 13FAA4891A17A34F002FDDA8 /* Build configuration list for PBXNativeTarget "UIKitDynamicsSwiftTests" */;
			buildPhases = (
				13FAA4781A17A34F002FDDA8 /* Sources */,
				13FAA4791A17A34F002FDDA8 /* Frameworks */,
				13FAA47A1A17A34F002FDDA8 /* Resources */,
			);
			buildRules = (
			);
			dependencies = (
				13FAA47E1A17A34F002FDDA8 /* PBXTargetDependency */,
			);
			name = UIKitDynamicsSwiftTests;
			productName = UIKitDynamicsSwiftTests;
			productReference = 13FAA47C1A17A34F002FDDA8 /* UIKitDynamicsSwiftTests.xctest */;
			productType = "com.apple.product-type.bundle.unit-test";
		};
/* End PBXNativeTarget section */

/* Begin PBXProject section */
		13FAA45F1A17A34F002FDDA8 /* Project object */ = {
			isa = PBXProject;
			attributes = {
				LastUpgradeCheck = 0600;
				ORGANIZATIONNAME = "Michael Ellison";
				TargetAttributes = {
					13FAA4661A17A34F002FDDA8 = {
						CreatedOnToolsVersion = 6.0;
					};
					13FAA47B1A17A34F002FDDA8 = {
						CreatedOnToolsVersion = 6.0;
						TestTargetID = 13FAA4661A17A34F002FDDA8;
					};
				};
			};
			buildConfigurationList = 13FAA4621A17A34F002FDDA8 /* Build configuration list for PBXProject "UIKitDynamicsSwift" */;
			compatibilityVersion = "Xcode 3.2";
			developmentRegion = English;
			hasScannedForEncodings = 0;
			knownRegions = (
				en,
				Base,
			);
			mainGroup = 13FAA45E1A17A34F002FDDA8;
			productRefGroup = 13FAA4681A17A34F002FDDA8 /* Products */;
			projectDirPath = "";
			projectRoot = "";
			targets = (
				13FAA4661A17A34F002FDDA8 /* UIKitDynamicsSwift */,
				13FAA47B1A17A34F002FDDA8 /* UIKitDynamicsSwiftTests */,
			);
		};
/* End PBXProject section */

/* Begin PBXResourcesBuildPhase section */
		13FAA4651A17A34F002FDDA8 /* Resources */ = {
			isa = PBXResourcesBuildPhase;
			buildActionMask = 2147483647;
			files = (
				13FAA4721A17A34F002FDDA8 /* Main.storyboard in Resources */,
				13FAA4771A17A34F002FDDA8 /* LaunchScreen.xib in Resources */,
				13FAA4741A17A34F002FDDA8 /* Images.xcassets in Resources */,
			);
			runOnlyForDeploymentPostprocessing = 0;
		};
		13FAA47A1A17A34F002FDDA8 /* Resources */ = {
			isa = PBXResourcesBuildPhase;
			buildActionMask = 2147483647;
			files = (
			);
			runOnlyForDeploymentPostprocessing = 0;
		};
/* End PBXResourcesBuildPhase section */

/* Begin PBXSourcesBuildPhase section */
		13FAA4631A17A34F002FDDA8 /* Sources */ = {
			isa = PBXSourcesBuildPhase;
			buildActionMask = 2147483647;
			files = (
				13FAA46F1A17A34F002FDDA8 /* GravityCollisionViewController.swift in Sources */,
				1377B6421A1A647C0054C6BD /* DynamicsCatalog.swift in Sources */,
				13FAA46D1A17A34F002FDDA8 /* AppDelegate.swift in Sources */,
				1341C6F61A1D10CA00F7CD98 /* GravityViewController.swift in Sources */,
			);
			runOnlyForDeploymentPostprocessing = 0;
		};
		13FAA4781A17A34F002FDDA8 /* Sources */ = {
			isa = PBXSourcesBuildPhase;
			buildActionMask = 2147483647;
			files = (
				13FAA4831A17A34F002FDDA8 /* UIKitDynamicsSwiftTests.swift in Sources */,
			);
			runOnlyForDeploymentPostprocessing = 0;
		};
/* End PBXSourcesBuildPhase section */

/* Begin PBXTargetDependency section */
		13FAA47E1A17A34F002FDDA8 /* PBXTargetDependency */ = {
			isa = PBXTargetDependency;
			target = 13FAA4661A17A34F002FDDA8 /* UIKitDynamicsSwift */;
			targetProxy = 13FAA47D1A17A34F002FDDA8 /* PBXContainerItemProxy */;
		};
/* End PBXTargetDependency section */

/* Begin PBXVariantGroup section */
		13FAA4701A17A34F002FDDA8 /* Main.storyboard */ = {
			isa = PBXVariantGroup;
			children = (
				13FAA4711A17A34F002FDDA8 /* Base */,
			);
			name = Main.storyboard;
			sourceTree = "<group>";
		};
		13FAA4751A17A34F002FDDA8 /* LaunchScreen.xib */ = {
			isa = PBXVariantGroup;
			children = (
				13FAA4761A17A34F002FDDA8 /* Base */,
			);
			name = LaunchScreen.xib;
			sourceTree = "<group>";
		};
/* End PBXVariantGroup section */

/* Begin XCBuildConfiguration section */
		13FAA4841A17A34F002FDDA8 /* Debug */ = {
			isa = XCBuildConfiguration;
			buildSettings = {
				ALWAYS_SEARCH_USER_PATHS = NO;
				CLANG_CXX_LANGUAGE_STANDARD = "gnu++0x";
				CLANG_CXX_LIBRARY = "libc++";
				CLANG_ENABLE_MODULES = YES;
				CLANG_ENABLE_OBJC_ARC = YES;
				CLANG_WARN_BOOL_CONVERSION = YES;
				CLANG_WARN_CONSTANT_CONVERSION = YES;
				CLANG_WARN_DIRECT_OBJC_ISA_USAGE = YES_ERROR;
				CLANG_WARN_EMPTY_BODY = YES;
				CLANG_WARN_ENUM_CONVERSION = YES;
				CLANG_WARN_INT_CONVERSION = YES;
				CLANG_WARN_OBJC_ROOT_CLASS = YES_ERROR;
				CLANG_WARN_UNREACHABLE_CODE = YES;
				CLANG_WARN__DUPLICATE_METHOD_MATCH = YES;
				"CODE_SIGN_IDENTITY[sdk=iphoneos*]" = "iPhone Developer";
				COPY_PHASE_STRIP = NO;
				ENABLE_STRICT_OBJC_MSGSEND = YES;
				GCC_C_LANGUAGE_STANDARD = gnu99;
				GCC_DYNAMIC_NO_PIC = NO;
				GCC_OPTIMIZATION_LEVEL = 0;
				GCC_PREPROCESSOR_DEFINITIONS = (
					"DEBUG=1",
					"$(inherited)",
				);
				GCC_SYMBOLS_PRIVATE_EXTERN = NO;
				GCC_WARN_64_TO_32_BIT_CONVERSION = YES;
				GCC_WARN_ABOUT_RETURN_TYPE = YES_ERROR;
				GCC_WARN_UNDECLARED_SELECTOR = YES;
				GCC_WARN_UNINITIALIZED_AUTOS = YES_AGGRESSIVE;
				GCC_WARN_UNUSED_FUNCTION = YES;
				GCC_WARN_UNUSED_VARIABLE = YES;
				IPHONEOS_DEPLOYMENT_TARGET = 8.0;
				MTL_ENABLE_DEBUG_INFO = YES;
				ONLY_ACTIVE_ARCH = YES;
				SDKROOT = iphoneos;
				SWIFT_OPTIMIZATION_LEVEL = "-Onone";
			};
			name = Debug;
		};
		13FAA4851A17A34F002FDDA8 /* Release */ = {
			isa = XCBuildConfiguration;
			buildSettings = {
				ALWAYS_SEARCH_USER_PATHS = NO;
				CLANG_CXX_LANGUAGE_STANDARD = "gnu++0x";
				CLANG_CXX_LIBRARY = "libc++";
				CLANG_ENABLE_MODULES = YES;
				CLANG_ENABLE_OBJC_ARC = YES;
				CLANG_WARN_BOOL_CONVERSION = YES;
				CLANG_WARN_CONSTANT_CONVERSION = YES;
				CLANG_WARN_DIRECT_OBJC_ISA_USAGE = YES_ERROR;
				CLANG_WARN_EMPTY_BODY = YES;
				CLANG_WARN_ENUM_CONVERSION = YES;
				CLANG_WARN_INT_CONVERSION = YES;
				CLANG_WARN_OBJC_ROOT_CLASS = YES_ERROR;
				CLANG_WARN_UNREACHABLE_CODE = YES;
				CLANG_WARN__DUPLICATE_METHOD_MATCH = YES;
				"CODE_SIGN_IDENTITY[sdk=iphoneos*]" = "iPhone Developer";
				COPY_PHASE_STRIP = YES;
				ENABLE_NS_ASSERTIONS = NO;
				ENABLE_STRICT_OBJC_MSGSEND = YES;
				GCC_C_LANGUAGE_STANDARD = gnu99;
				GCC_WARN_64_TO_32_BIT_CONVERSION = YES;
				GCC_WARN_ABOUT_RETURN_TYPE = YES_ERROR;
				GCC_WARN_UNDECLARED_SELECTOR = YES;
				GCC_WARN_UNINITIALIZED_AUTOS = YES_AGGRESSIVE;
				GCC_WARN_UNUSED_FUNCTION = YES;
				GCC_WARN_UNUSED_VARIABLE = YES;
				IPHONEOS_DEPLOYMENT_TARGET = 8.0;
				MTL_ENABLE_DEBUG_INFO = NO;
				SDKROOT = iphoneos;
				VALIDATE_PRODUCT = YES;
			};
			name = Release;
		};
		13FAA4871A17A34F002FDDA8 /* Debug */ = {
			isa = XCBuildConfiguration;
			buildSettings = {
				ASSETCATALOG_COMPILER_APPICON_NAME = AppIcon;
				INFOPLIST_FILE = UIKitDynamicsSwift/Info.plist;
				LD_RUNPATH_SEARCH_PATHS = "$(inherited) @executable_path/Frameworks";
				PRODUCT_NAME = "$(TARGET_NAME)";
			};
			name = Debug;
		};
		13FAA4881A17A34F002FDDA8 /* Release */ = {
			isa = XCBuildConfiguration;
			buildSettings = {
				ASSETCATALOG_COMPILER_APPICON_NAME = AppIcon;
				INFOPLIST_FILE = UIKitDynamicsSwift/Info.plist;
				LD_RUNPATH_SEARCH_PATHS = "$(inherited) @executable_path/Frameworks";
				PRODUCT_NAME = "$(TARGET_NAME)";
			};
			name = Release;
		};
		13FAA48A1A17A34F002FDDA8 /* Debug */ = {
			isa = XCBuildConfiguration;
			buildSettings = {
				BUNDLE_LOADER = "$(TEST_HOST)";
				FRAMEWORK_SEARCH_PATHS = (
					"$(SDKROOT)/Developer/Library/Frameworks",
					"$(inherited)",
				);
				GCC_PREPROCESSOR_DEFINITIONS = (
					"DEBUG=1",
					"$(inherited)",
				);
				INFOPLIST_FILE = UIKitDynamicsSwiftTests/Info.plist;
				LD_RUNPATH_SEARCH_PATHS = "$(inherited) @executable_path/Frameworks @loader_path/Frameworks";
				PRODUCT_NAME = "$(TARGET_NAME)";
				TEST_HOST = "$(BUILT_PRODUCTS_DIR)/UIKitDynamicsSwift.app/UIKitDynamicsSwift";
			};
			name = Debug;
		};
		13FAA48B1A17A34F002FDDA8 /* Release */ = {
			isa = XCBuildConfiguration;
			buildSettings = {
				BUNDLE_LOADER = "$(TEST_HOST)";
				FRAMEWORK_SEARCH_PATHS = (
					"$(SDKROOT)/Developer/Library/Frameworks",
					"$(inherited)",
				);
				INFOPLIST_FILE = UIKitDynamicsSwiftTests/Info.plist;
				LD_RUNPATH_SEARCH_PATHS = "$(inherited) @executable_path/Frameworks @loader_path/Frameworks";
				PRODUCT_NAME = "$(TARGET_NAME)";
				TEST_HOST = "$(BUILT_PRODUCTS_DIR)/UIKitDynamicsSwift.app/UIKitDynamicsSwift";
			};
			name = Release;
		};
/* End XCBuildConfiguration section */

/* Begin XCConfigurationList section */
		13FAA4621A17A34F002FDDA8 /* Build configuration list for PBXProject "UIKitDynamicsSwift" */ = {
			isa = XCConfigurationList;
			buildConfigurations = (
				13FAA4841A17A34F002FDDA8 /* Debug */,
				13FAA4851A17A34F002FDDA8 /* Release */,
			);
			defaultConfigurationIsVisible = 0;
			defaultConfigurationName = Release;
		};
		13FAA4861A17A34F002FDDA8 /* Build configuration list for PBXNativeTarget "UIKitDynamicsSwift" */ = {
			isa = XCConfigurationList;
			buildConfigurations = (
				13FAA4871A17A34F002FDDA8 /* Debug */,
				13FAA4881A17A34F002FDDA8 /* Release */,
			);
			defaultConfigurationIsVisible = 0;
			defaultConfigurationName = Release;
		};
		13FAA4891A17A34F002FDDA8 /* Build configuration list for PBXNativeTarget "UIKitDynamicsSwiftTests" */ = {
			isa = XCConfigurationList;
			buildConfigurations = (
				13FAA48A1A17A34F002FDDA8 /* Debug */,
				13FAA48B1A17A34F002FDDA8 /* Release */,
			);
			defaultConfigurationIsVisible = 0;
			defaultConfigurationName = Release;
		};
/* End XCConfigurationList section */
	};
	rootObject = 13FAA45F1A17A34F002FDDA8 /* Project object */;
}
